// !$*UTF8*$!
{
	archiveVersion = 1;
	classes = {};
	objectVersion = 77;
	objects = {

/* Begin PBXBuildFile section */
		A10000000000000000000001 /* ClaudePhoneApp.swift in Sources */ = {isa = PBXBuildFile; fileRef = A20000000000000000000001 /* ClaudePhoneApp.swift */; };
		A10000000000000000000002 /* PacketTunnelProvider.swift in Sources */ = {isa = PBXBuildFile; fileRef = A20000000000000000000002 /* PacketTunnelProvider.swift */; };
		A10000000000000000000003 /* ClaudePhoneTunnel.appex in Embed App Extensions */ = {isa = PBXBuildFile; fileRef = A20000000000000000000006 /* ClaudePhoneTunnel.appex */; settings = {ATTRIBUTES = (RemoveHeadersOnCopy, ); }; };
/* End PBXBuildFile section */

/* Begin PBXContainerItemProxy section */
		A30000000000000000000001 = {isa = PBXContainerItemProxy; containerPortal = A90000000000000000000001 /* Project object */; proxyType = 1; remoteGlobalIDString = A80000000000000000000002; remoteInfo = ClaudePhoneTunnel; };
		A30000000000000000000002 = {isa = PBXContainerItemProxy; containerPortal = A90000000000000000000001 /* Project object */; proxyType = 1; remoteGlobalIDString = A80000000000000000000001; remoteInfo = ClaudePhone; };
/* End PBXContainerItemProxy section */

/* Begin PBXCopyFilesBuildPhase section */
		A40000000000000000000001 = {isa = PBXCopyFilesBuildPhase; buildActionMask = 2147483647; dstPath = ""; dstSubfolderSpec = 13; files = (A10000000000000000000003, ); name = "Embed App Extensions"; runOnlyForDeploymentPostprocessing = 0; };
/* End PBXCopyFilesBuildPhase section */

/* Begin PBXFileReference section */
		A20000000000000000000001 /* ClaudePhoneApp.swift */ = {isa = PBXFileReference; lastKnownFileType = sourcecode.swift; path = ClaudePhoneApp.swift; sourceTree = "<group>"; };
		A20000000000000000000002 /* PacketTunnelProvider.swift */ = {isa = PBXFileReference; lastKnownFileType = sourcecode.swift; path = PacketTunnelProvider.swift; sourceTree = "<group>"; };
		A20000000000000000000003 /* Info.plist */ = {isa = PBXFileReference; lastKnownFileType = text.plist.xml; path = Info.plist; sourceTree = "<group>"; };
		A20000000000000000000004 /* Tunnel Info.plist */ = {isa = PBXFileReference; lastKnownFileType = text.plist.xml; path = Info.plist; sourceTree = "<group>"; };
		A20000000000000000000005 /* ClaudePhone.app */ = {isa = PBXFileReference; explicitFileType = wrapper.application; path = ClaudePhone.app; sourceTree = BUILT_PRODUCTS_DIR; };
		A20000000000000000000006 /* ClaudePhoneTunnel.appex */ = {isa = PBXFileReference; explicitFileType = "wrapper.app-extension"; path = ClaudePhoneTunnel.appex; sourceTree = BUILT_PRODUCTS_DIR; };
		A20000000000000000000007 /* ClaudePhoneTests.xctest */ = {isa = PBXFileReference; explicitFileType = wrapper.cfbundle; path = ClaudePhoneTests.xctest; sourceTree = BUILT_PRODUCTS_DIR; };
/* End PBXFileReference section */

/* Begin PBXFileSystemSynchronizedBuildFileExceptionSet section */
		AF0000000000000000000001 /* App metadata exceptions */ = {isa = PBXFileSystemSynchronizedBuildFileExceptionSet; membershipExceptions = (ClaudePhone.entitlements, Info.plist, ); target = A80000000000000000000001 /* ClaudePhone */; };
		AF0000000000000000000002 /* Tunnel metadata exceptions */ = {isa = PBXFileSystemSynchronizedBuildFileExceptionSet; membershipExceptions = (ClaudePhoneTunnel.entitlements, Info.plist, ); target = A80000000000000000000002 /* ClaudePhoneTunnel */; };
/* End PBXFileSystemSynchronizedBuildFileExceptionSet section */

/* Begin PBXFrameworksBuildPhase section */
		A50000000000000000000001 = {isa = PBXFrameworksBuildPhase; buildActionMask = 2147483647; files = (); runOnlyForDeploymentPostprocessing = 0; };
		A50000000000000000000002 = {isa = PBXFrameworksBuildPhase; buildActionMask = 2147483647; files = (); runOnlyForDeploymentPostprocessing = 0; };
		A50000000000000000000003 = {isa = PBXFrameworksBuildPhase; buildActionMask = 2147483647; files = (); runOnlyForDeploymentPostprocessing = 0; };
/* End PBXFrameworksBuildPhase section */

/* Begin PBXGroup section */
		A60000000000000000000001 = {isa = PBXGroup; children = (A60000000000000000000002, A60000000000000000000003, A60000000000000000000004, A60000000000000000000006, A60000000000000000000005, ); sourceTree = "<group>"; };
		A60000000000000000000002 /* ClaudePhone */ = {isa = PBXFileSystemSynchronizedRootGroup; exceptions = (AF0000000000000000000001, ); path = ClaudePhone; sourceTree = "<group>"; };
		A60000000000000000000003 /* ClaudePhoneTunnel */ = {isa = PBXFileSystemSynchronizedRootGroup; exceptions = (AF0000000000000000000002, ); path = ClaudePhoneTunnel; sourceTree = "<group>"; };
		A60000000000000000000004 /* ClaudePhoneTests */ = {isa = PBXFileSystemSynchronizedRootGroup; path = ClaudePhoneTests; sourceTree = "<group>"; };
		A60000000000000000000006 /* Shared */ = {isa = PBXFileSystemSynchronizedRootGroup; path = Shared; sourceTree = "<group>"; };
		A60000000000000000000005 /* Products */ = {isa = PBXGroup; children = (A20000000000000000000005, A20000000000000000000006, A20000000000000000000007, ); name = Products; sourceTree = "<group>"; };
/* End PBXGroup section */

/* Begin PBXNativeTarget section */
		A80000000000000000000001 /* ClaudePhone */ = {isa = PBXNativeTarget; buildConfigurationList = AB0000000000000000000001; buildPhases = (A70000000000000000000001, A50000000000000000000001, A40000000000000000000001, ); buildRules = (); dependencies = (AC0000000000000000000001, ); fileSystemSynchronizedGroups = (A60000000000000000000002, A60000000000000000000006, ); name = ClaudePhone; productName = ClaudePhone; productReference = A20000000000000000000005; productType = "com.apple.product-type.application"; };
		A80000000000000000000002 /* ClaudePhoneTunnel */ = {isa = PBXNativeTarget; buildConfigurationList = AB0000000000000000000002; buildPhases = (A70000000000000000000002, A50000000000000000000002, ); buildRules = (); dependencies = (); fileSystemSynchronizedGroups = (A60000000000000000000003, A60000000000000000000006, ); name = ClaudePhoneTunnel; productName = ClaudePhoneTunnel; productReference = A20000000000000000000006; productType = "com.apple.product-type.app-extension"; };
		A80000000000000000000003 /* ClaudePhoneTests */ = {isa = PBXNativeTarget; buildConfigurationList = AB0000000000000000000003; buildPhases = (A70000000000000000000003, A50000000000000000000003, ); buildRules = (); dependencies = (AC0000000000000000000002, ); fileSystemSynchronizedGroups = (A60000000000000000000004, ); name = ClaudePhoneTests; productName = ClaudePhoneTests; productReference = A20000000000000000000007; productType = "com.apple.product-type.bundle.unit-test"; };
/* End PBXNativeTarget section */

/* Begin PBXProject section */
		A90000000000000000000001 /* Project object */ = {isa = PBXProject; attributes = {BuildIndependentTargetsInParallel = 1; LastSwiftUpdateCheck = 1600; LastUpgradeCheck = 1600; TargetAttributes = {A80000000000000000000001 = {CreatedOnToolsVersion = 16.0; }; A80000000000000000000002 = {CreatedOnToolsVersion = 16.0; }; A80000000000000000000003 = {CreatedOnToolsVersion = 16.0; TestTargetID = A80000000000000000000001; }; }; }; buildConfigurationList = AB0000000000000000000000; compatibilityVersion = "Xcode 15.0"; developmentRegion = en; hasScannedForEncodings = 0; knownRegions = (en, Base, ); mainGroup = A60000000000000000000001; productRefGroup = A60000000000000000000005; projectDirPath = ""; projectRoot = ""; targets = (A80000000000000000000001, A80000000000000000000002, A80000000000000000000003, ); };
/* End PBXProject section */

/* Begin PBXSourcesBuildPhase section */
		A70000000000000000000001 = {isa = PBXSourcesBuildPhase; buildActionMask = 2147483647; files = (); runOnlyForDeploymentPostprocessing = 0; };
		A70000000000000000000002 = {isa = PBXSourcesBuildPhase; buildActionMask = 2147483647; files = (); runOnlyForDeploymentPostprocessing = 0; };
		A70000000000000000000003 = {isa = PBXSourcesBuildPhase; buildActionMask = 2147483647; files = (); runOnlyForDeploymentPostprocessing = 0; };
/* End PBXSourcesBuildPhase section */

/* Begin PBXTargetDependency section */
		AC0000000000000000000001 = {isa = PBXTargetDependency; target = A80000000000000000000002; targetProxy = A30000000000000000000001; };
		AC0000000000000000000002 = {isa = PBXTargetDependency; target = A80000000000000000000001; targetProxy = A30000000000000000000002; };
/* End PBXTargetDependency section */

/* Begin XCBuildConfiguration section */
		AD0000000000000000000001 = {isa = XCBuildConfiguration; buildSettings = {CLANG_ENABLE_MODULES = YES;}; name = Debug; };
		AD0000000000000000000002 = {isa = XCBuildConfiguration; buildSettings = {CLANG_ENABLE_MODULES = YES;}; name = Release; };
		AD0000000000000000000011 = {isa = XCBuildConfiguration; baseConfigurationReference = AE0000000000000000000001; buildSettings = {CODE_SIGN_ENTITLEMENTS = ClaudePhone/ClaudePhone.entitlements; INFOPLIST_FILE = ClaudePhone/Info.plist; PRODUCT_NAME = "$(TARGET_NAME)"; SDKROOT = iphoneos; TARGETED_DEVICE_FAMILY = 1;}; name = Debug; };
		AD0000000000000000000012 = {isa = XCBuildConfiguration; baseConfigurationReference = AE0000000000000000000002; buildSettings = {CODE_SIGN_ENTITLEMENTS = ClaudePhone/ClaudePhone.entitlements; INFOPLIST_FILE = ClaudePhone/Info.plist; PRODUCT_NAME = "$(TARGET_NAME)"; SDKROOT = iphoneos; TARGETED_DEVICE_FAMILY = 1;}; name = Release; };
		AD0000000000000000000021 = {isa = XCBuildConfiguration; baseConfigurationReference = AE0000000000000000000001; buildSettings = {CODE_SIGN_ENTITLEMENTS = ClaudePhoneTunnel/ClaudePhoneTunnel.entitlements; INFOPLIST_FILE = ClaudePhoneTunnel/Info.plist; PRODUCT_BUNDLE_IDENTIFIER = "$(TUNNEL_BUNDLE_IDENTIFIER)"; PRODUCT_NAME = "$(TARGET_NAME)"; SDKROOT = iphoneos; SKIP_INSTALL = YES; TARGETED_DEVICE_FAMILY = 1;}; name = Debug; };
		AD0000000000000000000022 = {isa = XCBuildConfiguration; baseConfigurationReference = AE0000000000000000000002; buildSettings = {CODE_SIGN_ENTITLEMENTS = ClaudePhoneTunnel/ClaudePhoneTunnel.entitlements; INFOPLIST_FILE = ClaudePhoneTunnel/Info.plist; PRODUCT_BUNDLE_IDENTIFIER = "$(TUNNEL_BUNDLE_IDENTIFIER)"; PRODUCT_NAME = "$(TARGET_NAME)"; SDKROOT = iphoneos; SKIP_INSTALL = YES; TARGETED_DEVICE_FAMILY = 1;}; name = Release; };
		AD0000000000000000000031 = {isa = XCBuildConfiguration; baseConfigurationReference = AE0000000000000000000001; buildSettings = {BUNDLE_LOADER = "$(TEST_HOST)"; GENERATE_INFOPLIST_FILE = YES; PRODUCT_BUNDLE_IDENTIFIER = "$(PRODUCT_BUNDLE_IDENTIFIER).tests"; PRODUCT_NAME = "$(TARGET_NAME)"; SDKROOT = iphonesimulator; TEST_HOST = "$(BUILT_PRODUCTS_DIR)/ClaudePhone.app/ClaudePhone";}; name = Debug; };
		AD0000000000000000000032 = {isa = XCBuildConfiguration; baseConfigurationReference = AE0000000000000000000002; buildSettings = {BUNDLE_LOADER = "$(TEST_HOST)"; GENERATE_INFOPLIST_FILE = YES; PRODUCT_BUNDLE_IDENTIFIER = "$(PRODUCT_BUNDLE_IDENTIFIER).tests"; PRODUCT_NAME = "$(TARGET_NAME)"; SDKROOT = iphonesimulator; TEST_HOST = "$(BUILT_PRODUCTS_DIR)/ClaudePhone.app/ClaudePhone";}; name = Release; };
/* End XCBuildConfiguration section */

/* Begin XCConfigurationList section */
		AB0000000000000000000000 = {isa = XCConfigurationList; buildConfigurations = (AD0000000000000000000001, AD0000000000000000000002, ); defaultConfigurationIsVisible = 0; defaultConfigurationName = Release; };
		AB0000000000000000000001 = {isa = XCConfigurationList; buildConfigurations = (AD0000000000000000000011, AD0000000000000000000012, ); defaultConfigurationIsVisible = 0; defaultConfigurationName = Release; };
		AB0000000000000000000002 = {isa = XCConfigurationList; buildConfigurations = (AD0000000000000000000021, AD0000000000000000000022, ); defaultConfigurationIsVisible = 0; defaultConfigurationName = Release; };
		AB0000000000000000000003 = {isa = XCConfigurationList; buildConfigurations = (AD0000000000000000000031, AD0000000000000000000032, ); defaultConfigurationIsVisible = 0; defaultConfigurationName = Release; };
/* End XCConfigurationList section */

/* Begin PBXFileReference config section */
		AE0000000000000000000001 /* Debug.xcconfig */ = {isa = PBXFileReference; lastKnownFileType = text.xcconfig; name = Debug.xcconfig; path = Config/Debug.xcconfig; sourceTree = "<group>"; };
		AE0000000000000000000002 /* Release.xcconfig */ = {isa = PBXFileReference; lastKnownFileType = text.xcconfig; name = Release.xcconfig; path = Config/Release.xcconfig; sourceTree = "<group>"; };
/* End PBXFileReference config section */
	};
	rootObject = A90000000000000000000001 /* Project object */;
}
